
Microsoft Visual Studio Solution File, Format Version 12.00
# Visual Studio 15
VisualStudioVersion = 15.0.28307.1800
MinimumVisualStudioVersion = 10.0.40219.1
Project("{F14B399A-7131-4C87-9E4B-1186C45EF12D}") = "Report Project2", "Report Project2\Report Project2.rptproj", "{687111E6-DB39-4E97-811F-05E120292525}"
EndProject
Global
	GlobalSection(SolutionConfigurationPlatforms) = preSolution
		Debug|Default = Debug|Default
		DebugLocal|Default = DebugLocal|Default
		Release|Default = Release|Default
	EndGlobalSection
	GlobalSection(ProjectConfigurationPlatforms) = postSolution
		{687111E6-DB39-4E97-811F-05E120292525}.Debug|Default.ActiveCfg = Debug
		{687111E6-DB39-4E97-811F-05E120292525}.Debug|Default.Build.0 = Debug
		{687111E6-DB39-4E97-811F-05E120292525}.Debug|Default.Deploy.0 = Debug
		{687111E6-DB39-4E97-811F-05E120292525}.DebugLocal|Default.ActiveCfg = DebugLocal
		{687111E6-DB39-4E97-811F-05E120292525}.DebugLocal|Default.Build.0 = DebugLocal
		{687111E6-DB39-4E97-811F-05E120292525}.Release|Default.ActiveCfg = Release
		{687111E6-DB39-4E97-811F-05E120292525}.Release|Default.Build.0 = Release
		{687111E6-DB39-4E97-811F-05E120292525}.Release|Default.Deploy.0 = Release
	EndGlobalSection
	GlobalSection(SolutionProperties) = preSolution
		HideSolutionNode = FALSE
	EndGlobalSection
	GlobalSection(ExtensibilityGlobals) = postSolution
		SolutionGuid = {C090EC02-3F8B-47CC-8651-5B5E41615533}
	EndGlobalSection
EndGlobal
